# This file is automatically @generated by Cargo.
# It is not intended for manual editing.
version = 4

[[package]]
name = "astraval"
version = "0.1.0"
dependencies = [
 "astraval-core",
]

[[package]]
name = "astraval-core"
version = "0.1.0"
dependencies = [
 "astraval-proto",
]

[[package]]
name = "astraval-proto"
version = "0.1.0"
